
Microsoft Visual Studio Solution File, Format Version 12.00
Project("{FAE04EC0-301F-11D3-BF4B-00C04F79EFBC}") = "Web", "src\Web\Web.csproj", "{8A93BCF9-1D4C-4DA3-B0B6-E9D8C9583D61}"
EndProject
Project("{FAE04EC0-301F-11D3-BF4B-00C04F79EFBC}") = "Application", "src\Application\Application.csproj", "{8F7ACE9F-B716-4358-80CD-7E636855168F}"
EndProject
Project("{FAE04EC0-301F-11D3-BF4B-00C04F79EFBC}") = "Infrastructure", "src\Infrastructure\Infrastructure.csproj", "{7681F9FB-18A5-4475-93F2-825EA16C4C31}"
EndProject
Project("{FAE04EC0-301F-11D3-BF4B-00C04F79EFBC}") = "Domain", "src\Domain\Domain.csproj", "{50F15625-EF21-4D9F-BB3D-A7E4E8C3AF05}"
EndProject
Global
	GlobalSection(SolutionConfigurationPlatforms) = preSolution
		Debug|Any CPU = Debug|Any CPU
		Release|Any CPU = Release|Any CPU
	EndGlobalSection
	GlobalSection(ProjectConfigurationPlatforms) = postSolution
		{8A93BCF9-1D4C-4DA3-B0B6-E9D8C9583D61}.Debug|Any CPU.ActiveCfg = Debug|Any CPU
		{8A93BCF9-1D4C-4DA3-B0B6-E9D8C9583D61}.Debug|Any CPU.Build.0 = Debug|Any CPU
		{8A93BCF9-1D4C-4DA3-B0B6-E9D8C9583D61}.Release|Any CPU.ActiveCfg = Release|Any CPU
		{8A93BCF9-1D4C-4DA3-B0B6-E9D8C9583D61}.Release|Any CPU.Build.0 = Release|Any CPU
		{8F7ACE9F-B716-4358-80CD-7E636855168F}.Debug|Any CPU.ActiveCfg = Debug|Any CPU
		{8F7ACE9F-B716-4358-80CD-7E636855168F}.Debug|Any CPU.Build.0 = Debug|Any CPU
		{8F7ACE9F-B716-4358-80CD-7E636855168F}.Release|Any CPU.ActiveCfg = Release|Any CPU
		{8F7ACE9F-B716-4358-80CD-7E636855168F}.Release|Any CPU.Build.0 = Release|Any CPU
		{7681F9FB-18A5-4475-93F2-825EA16C4C31}.Debug|Any CPU.ActiveCfg = Debug|Any CPU
		{7681F9FB-18A5-4475-93F2-825EA16C4C31}.Debug|Any CPU.Build.0 = Debug|Any CPU
		{7681F9FB-18A5-4475-93F2-825EA16C4C31}.Release|Any CPU.ActiveCfg = Release|Any CPU
		{7681F9FB-18A5-4475-93F2-825EA16C4C31}.Release|Any CPU.Build.0 = Release|Any CPU
		{50F15625-EF21-4D9F-BB3D-A7E4E8C3AF05}.Debug|Any CPU.ActiveCfg = Debug|Any CPU
		{50F15625-EF21-4D9F-BB3D-A7E4E8C3AF05}.Debug|Any CPU.Build.0 = Debug|Any CPU
		{50F15625-EF21-4D9F-BB3D-A7E4E8C3AF05}.Release|Any CPU.ActiveCfg = Release|Any CPU
		{50F15625-EF21-4D9F-BB3D-A7E4E8C3AF05}.Release|Any CPU.Build.0 = Release|Any CPU
	EndGlobalSection
EndGlobal
