
Microsoft Visual Studio Solution File, Format Version 12.00
Project("{FAE04EC0-301F-11D3-BF4B-00C04F79EFBC}") = "Web", "src\Web\Web.csproj", "{7E5A662E-C8B3-4069-AD27-66A6FED502C0}"
EndProject
Project("{FAE04EC0-301F-11D3-BF4B-00C04F79EFBC}") = "Application", "src\Application\Application.csproj", "{93E5E610-8B4E-4603-B1C2-747C158C1376}"
EndProject
Project("{FAE04EC0-301F-11D3-BF4B-00C04F79EFBC}") = "Infrastructure", "src\Infrastructure\Infrastructure.csproj", "{CD4BDCC7-D9C8-464B-8FA1-5C53948253A7}"
EndProject
Project("{FAE04EC0-301F-11D3-BF4B-00C04F79EFBC}") = "Domain", "src\Domain\Domain.csproj", "{DFA78F54-1C68-42C5-BFE8-337A2EC81FF4}"
EndProject
Global
	GlobalSection(SolutionConfigurationPlatforms) = preSolution
		Debug|Any CPU = Debug|Any CPU
		Release|Any CPU = Release|Any CPU
	EndGlobalSection
	GlobalSection(ProjectConfigurationPlatforms) = postSolution
		{7E5A662E-C8B3-4069-AD27-66A6FED502C0}.Debug|Any CPU.ActiveCfg = Debug|Any CPU
		{7E5A662E-C8B3-4069-AD27-66A6FED502C0}.Debug|Any CPU.Build.0 = Debug|Any CPU
		{7E5A662E-C8B3-4069-AD27-66A6FED502C0}.Release|Any CPU.ActiveCfg = Release|Any CPU
		{7E5A662E-C8B3-4069-AD27-66A6FED502C0}.Release|Any CPU.Build.0 = Release|Any CPU
		{93E5E610-8B4E-4603-B1C2-747C158C1376}.Debug|Any CPU.ActiveCfg = Debug|Any CPU
		{93E5E610-8B4E-4603-B1C2-747C158C1376}.Debug|Any CPU.Build.0 = Debug|Any CPU
		{93E5E610-8B4E-4603-B1C2-747C158C1376}.Release|Any CPU.ActiveCfg = Release|Any CPU
		{93E5E610-8B4E-4603-B1C2-747C158C1376}.Release|Any CPU.Build.0 = Release|Any CPU
		{CD4BDCC7-D9C8-464B-8FA1-5C53948253A7}.Debug|Any CPU.ActiveCfg = Debug|Any CPU
		{CD4BDCC7-D9C8-464B-8FA1-5C53948253A7}.Debug|Any CPU.Build.0 = Debug|Any CPU
		{CD4BDCC7-D9C8-464B-8FA1-5C53948253A7}.Release|Any CPU.ActiveCfg = Release|Any CPU
		{CD4BDCC7-D9C8-464B-8FA1-5C53948253A7}.Release|Any CPU.Build.0 = Release|Any CPU
		{DFA78F54-1C68-42C5-BFE8-337A2EC81FF4}.Debug|Any CPU.ActiveCfg = Debug|Any CPU
		{DFA78F54-1C68-42C5-BFE8-337A2EC81FF4}.Debug|Any CPU.Build.0 = Debug|Any CPU
		{DFA78F54-1C68-42C5-BFE8-337A2EC81FF4}.Release|Any CPU.ActiveCfg = Release|Any CPU
		{DFA78F54-1C68-42C5-BFE8-337A2EC81FF4}.Release|Any CPU.Build.0 = Release|Any CPU
	EndGlobalSection
EndGlobal
